{
  "version": 4,
  "terraform_version": "1.2.3",
  "serial": 137,
  "lineage": "fa5f7e60-c6c0-2070-ce1d-d51d12fe34e8",
  "outputs": {},
  "resources": [
    {
      "mode": "managed",
      "type": "google_compute_address",
      "name": "nat",
      "provider": "provider[\"registry.terraform.io/hashicorp/google\"]",
      "instances": [
        {
          "schema_version": 0,
          "attributes": {
            "address": "35.193.83.47",
            "address_type": "EXTERNAL",
            "creation_timestamp": "2022-06-30T10:49:35.507-07:00",
            "description": "",
            "id": "projects/gcptraining-17042017/regions/us-central1/addresses/nat",
            "name": "nat",
            "network": "",
            "network_tier": "PREMIUM",
            "prefix_length": 0,
            "project": "gcptraining-17042017",
            "purpose": "",
            "region": "us-central1",
            "self_link": "https://www.googleapis.com/compute/v1/projects/gcptraining-17042017/regions/us-central1/addresses/nat",
            "subnetwork": "",
            "timeouts": null,
            "users": []
          },
          "sensitive_attributes": [],
          "private": "eyJlMmJmYjczMC1lY2FhLTExZTYtOGY4OC0zNDM2M2JjN2M0YzAiOnsiY3JlYXRlIjoyNDAwMDAwMDAwMDAsImRlbGV0ZSI6MjQwMDAwMDAwMDAwfX0=",
          "dependencies": [
            "google_project_service.compute"
          ]
        }
      ]
    },
    {
      "mode": "managed",
      "type": "google_compute_firewall",
      "name": "allow-ssh",
      "provider": "provider[\"registry.terraform.io/hashicorp/google\"]",
      "instances": [
        {
          "schema_version": 1,
          "attributes": {
            "allow": [
              {
                "ports": [
                  "22"
                ],
                "protocol": "tcp"
              }
            ],
            "creation_timestamp": "2022-06-30T10:49:34.665-07:00",
            "deny": [],
            "description": "",
            "destination_ranges": [],
            "direction": "INGRESS",
            "disabled": false,
            "enable_logging": null,
            "id": "projects/gcptraining-17042017/global/firewalls/allow-ssh",
            "log_config": [],
            "name": "allow-ssh",
            "network": "https://www.googleapis.com/compute/v1/projects/gcptraining-17042017/global/networks/main",
            "priority": 1000,
            "project": "gcptraining-17042017",
            "self_link": "https://www.googleapis.com/compute/v1/projects/gcptraining-17042017/global/firewalls/allow-ssh",
            "source_ranges": [
              "0.0.0.0/0"
            ],
            "source_service_accounts": null,
            "source_tags": null,
            "target_service_accounts": null,
            "target_tags": null,
            "timeouts": null
          },
          "sensitive_attributes": [],
          "private": "eyJlMmJmYjczMC1lY2FhLTExZTYtOGY4OC0zNDM2M2JjN2M0YzAiOnsiY3JlYXRlIjoyNDAwMDAwMDAwMDAsImRlbGV0ZSI6MjQwMDAwMDAwMDAwLCJ1cGRhdGUiOjI0MDAwMDAwMDAwMH0sInNjaGVtYV92ZXJzaW9uIjoiMSJ9",
          "dependencies": [
            "google_compute_network.main"
          ]
        }
      ]
    },
    {
      "mode": "managed",
      "type": "google_compute_network",
      "name": "main",
      "provider": "provider[\"registry.terraform.io/hashicorp/google\"]",
      "instances": [
        {
          "schema_version": 0,
          "attributes": {
            "auto_create_subnetworks": false,
            "delete_default_routes_on_create": false,
            "description": "",
            "gateway_ipv4": "",
            "id": "projects/gcptraining-17042017/global/networks/main",
            "mtu": 1460,
            "name": "main",
            "project": "gcptraining-17042017",
            "routing_mode": "REGIONAL",
            "self_link": "https://www.googleapis.com/compute/v1/projects/gcptraining-17042017/global/networks/main",
            "timeouts": null
          },
          "sensitive_attributes": [],
          "private": "eyJlMmJmYjczMC1lY2FhLTExZTYtOGY4OC0zNDM2M2JjN2M0YzAiOnsiY3JlYXRlIjoyNDAwMDAwMDAwMDAsImRlbGV0ZSI6MjQwMDAwMDAwMDAwLCJ1cGRhdGUiOjI0MDAwMDAwMDAwMH19",
          "dependencies": [
            "google_project_service.compute",
            "google_project_service.container"
          ]
        }
      ]
    },
    {
      "mode": "managed",
      "type": "google_compute_router",
      "name": "router",
      "provider": "provider[\"registry.terraform.io/hashicorp/google\"]",
      "instances": [
        {
          "schema_version": 0,
          "attributes": {
            "bgp": [],
            "creation_timestamp": "2022-06-30T10:49:35.504-07:00",
            "description": "",
            "id": "projects/gcptraining-17042017/regions/us-central1/routers/router",
            "name": "router",
            "network": "https://www.googleapis.com/compute/v1/projects/gcptraining-17042017/global/networks/main",
            "project": "gcptraining-17042017",
            "region": "us-central1",
            "self_link": "https://www.googleapis.com/compute/v1/projects/gcptraining-17042017/regions/us-central1/routers/router",
            "timeouts": null
          },
          "sensitive_attributes": [],
          "private": "eyJlMmJmYjczMC1lY2FhLTExZTYtOGY4OC0zNDM2M2JjN2M0YzAiOnsiY3JlYXRlIjoyNDAwMDAwMDAwMDAsImRlbGV0ZSI6MjQwMDAwMDAwMDAwLCJ1cGRhdGUiOjI0MDAwMDAwMDAwMH19",
          "dependencies": [
            "google_compute_network.main"
          ]
        }
      ]
    },
    {
      "mode": "managed",
      "type": "google_compute_router_nat",
      "name": "nat",
      "provider": "provider[\"registry.terraform.io/hashicorp/google\"]",
      "instances": [
        {
          "schema_version": 0,
          "attributes": {
            "drain_nat_ips": null,
            "enable_endpoint_independent_mapping": true,
            "icmp_idle_timeout_sec": 30,
            "id": "gcptraining-17042017/us-central1/router/nat",
            "log_config": [],
            "min_ports_per_vm": 0,
            "name": "nat",
            "nat_ip_allocate_option": "MANUAL_ONLY",
            "nat_ips": [
              "https://www.googleapis.com/compute/v1/projects/gcptraining-17042017/regions/us-central1/addresses/nat"
            ],
            "project": "gcptraining-17042017",
            "region": "us-central1",
            "router": "router",
            "source_subnetwork_ip_ranges_to_nat": "LIST_OF_SUBNETWORKS",
            "subnetwork": [
              {
                "name": "projects/gcptraining-17042017/regions/us-central1/subnetworks/private1",
                "secondary_ip_range_names": [],
                "source_ip_ranges_to_nat": [
                  "ALL_IP_RANGES"
                ]
              }
            ],
            "tcp_established_idle_timeout_sec": 1200,
            "tcp_transitory_idle_timeout_sec": 30,
            "timeouts": null,
            "udp_idle_timeout_sec": 30
          },
          "sensitive_attributes": [],
          "private": "eyJlMmJmYjczMC1lY2FhLTExZTYtOGY4OC0zNDM2M2JjN2M0YzAiOnsiY3JlYXRlIjo2MDAwMDAwMDAwMDAsImRlbGV0ZSI6NjAwMDAwMDAwMDAwLCJ1cGRhdGUiOjYwMDAwMDAwMDAwMH19",
          "dependencies": [
            "google_compute_address.nat",
            "google_compute_network.main",
            "google_compute_router.router",
            "google_compute_subnetwork.private",
            "google_project_service.compute"
          ]
        }
      ]
    },
    {
      "mode": "managed",
      "type": "google_compute_subnetwork",
      "name": "private",
      "provider": "provider[\"registry.terraform.io/hashicorp/google\"]",
      "instances": [
        {
          "schema_version": 0,
          "attributes": {
            "creation_timestamp": "2022-06-30T10:49:35.613-07:00",
            "description": "",
            "external_ipv6_prefix": "",
            "fingerprint": null,
            "gateway_address": "10.0.0.1",
            "id": "projects/gcptraining-17042017/regions/us-central1/subnetworks/private1",
            "ip_cidr_range": "10.0.0.0/18",
            "ipv6_access_type": "",
            "ipv6_cidr_range": "",
            "log_config": [],
            "name": "private1",
            "network": "https://www.googleapis.com/compute/v1/projects/gcptraining-17042017/global/networks/main",
            "private_ip_google_access": true,
            "private_ipv6_google_access": "DISABLE_GOOGLE_ACCESS",
            "project": "gcptraining-17042017",
            "purpose": "PRIVATE",
            "region": "us-central1",
            "role": "",
            "secondary_ip_range": [
              {
                "ip_cidr_range": "10.48.0.0/14",
                "range_name": "k8s-pod-range"
              },
              {
                "ip_cidr_range": "10.52.0.0/20",
                "range_name": "k8s-service-range"
              }
            ],
            "self_link": "https://www.googleapis.com/compute/v1/projects/gcptraining-17042017/regions/us-central1/subnetworks/private1",
            "stack_type": "IPV4_ONLY",
            "timeouts": null
          },
          "sensitive_attributes": [],
          "private": "eyJlMmJmYjczMC1lY2FhLTExZTYtOGY4OC0zNDM2M2JjN2M0YzAiOnsiY3JlYXRlIjozNjAwMDAwMDAwMDAsImRlbGV0ZSI6MzYwMDAwMDAwMDAwLCJ1cGRhdGUiOjM2MDAwMDAwMDAwMH19",
          "dependencies": [
            "google_compute_network.main"
          ]
        }
      ]
    },
    {
      "mode": "managed",
      "type": "google_container_cluster",
      "name": "primary",
      "provider": "provider[\"registry.terraform.io/hashicorp/google\"]",
      "instances": [
        {
          "schema_version": 1,
          "attributes": {
            "addons_config": [
              {
                "cloudrun_config": [],
                "horizontal_pod_autoscaling": [
                  {
                    "disabled": false
                  }
                ],
                "http_load_balancing": [
                  {
                    "disabled": true
                  }
                ],
                "network_policy_config": [
                  {
                    "disabled": true
                  }
                ]
              }
            ],
            "authenticator_groups_config": [],
            "cluster_autoscaling": [
              {
                "auto_provisioning_defaults": [],
                "enabled": false,
                "resource_limits": []
              }
            ],
            "cluster_ipv4_cidr": "10.48.0.0/14",
            "database_encryption": [
              {
                "key_name": "",
                "state": "DECRYPTED"
              }
            ],
            "datapath_provider": "",
            "default_max_pods_per_node": 110,
            "default_snat_status": [
              {
                "disabled": false
              }
            ],
            "description": "",
            "enable_autopilot": false,
            "enable_binary_authorization": false,
            "enable_intranode_visibility": false,
            "enable_kubernetes_alpha": false,
            "enable_legacy_abac": false,
            "enable_shielded_nodes": false,
            "enable_tpu": false,
            "endpoint": "104.154.72.12",
            "id": "projects/gcptraining-17042017/locations/us-central1-a/clusters/primary",
            "initial_node_count": 1,
            "instance_group_urls": [],
            "ip_allocation_policy": [
              {
                "cluster_ipv4_cidr_block": "10.48.0.0/14",
                "cluster_secondary_range_name": "k8s-pod-range",
                "services_ipv4_cidr_block": "10.52.0.0/20",
                "services_secondary_range_name": "k8s-service-range"
              }
            ],
            "label_fingerprint": "a9dc16a7",
            "location": "us-central1-a",
            "logging_config": [
              {
                "enable_components": [
                  "SYSTEM_COMPONENTS",
                  "WORKLOADS"
                ]
              }
            ],
            "logging_service": "logging.googleapis.com/kubernetes",
            "maintenance_policy": [],
            "master_auth": [
              {
                "client_certificate": "",
                "client_certificate_config": [
                  {
                    "issue_client_certificate": false
                  }
                ],
                "client_key": "",
                "cluster_ca_certificate": "LS0tLS1CRUdJTiBDRVJUSUZJQ0FURS0tLS0tCk1JSUVMVENDQXBXZ0F3SUJBZ0lSQU9naFdRNUVtSEVReCt4RE8zWHRKRnd3RFFZSktvWklodmNOQVFFTEJRQXcKTHpFdE1Dc0dBMVVFQXhNa09UTXhOMlJoWWpRdFlUZzJNQzAwWTJVMUxXSXdORGt0TldZNU9HTm1PRFl6TVRVNApNQ0FYRFRJeU1EWXpNREUyTlRBd01Gb1lEekl3TlRJd05qSXlNVGMxTURBd1dqQXZNUzB3S3dZRFZRUURFeVE1Ck16RTNaR0ZpTkMxaE9EWXdMVFJqWlRVdFlqQTBPUzAxWmprNFkyWTROak14TlRnd2dnR2lNQTBHQ1NxR1NJYjMKRFFFQkFRVUFBNElCandBd2dnR0tBb0lCZ1FERHJCRUZWTEFBY3RqN2Nrdnd4bmNncDBKTE9mTVhlVHJObjFFbwo0aHBQc1I1cTIrZmdjK21ZbXRFYzVzcHdsbXZWUjRtQWwxZXQ1WU8yQXBaS3pFblpVK3FIWDBVQW8wb05qbUZ2CkZIR25ISjMxUzMzRjBGcWpVelFwTFk0dWZDbW11Y3lTQVp2eWlhODd0MlBXMERTQ0k3R05DR3FweTg3aXdmZkEKTmh0aEJGa3BSczhodG5peEtvclhDSVoxRXlaMnpsaXBUSWd5cXpwdGk5cEtwZnRKckduQmxDMmNBTkJWMkM3VQpUQW5yRkNZTzY3VHNRK2wrNFB3Vlh5ZjFWbmZpdWo4TFM3VERtZW95dllZTzF0eFlyZGtNbnZmWEdiUmZLUmdrClM0eEY0UG4yM2JxeGlpYUxmVHlmQmtydk9QakhhcGEzaVVzSHBjdGpKSHBKWDQ5blh2MTVDRytYS0pJTUVmQXkKTTUraWhsT2tLSU1kVC9yU3h2OGR5VHVNemRmN013MGhCNnVLekNvdGhrMVNkdXd6bHNzd0NIcjVPbEszMCtPZAp6dTZKRGVkWTd5UTgxK3FKZDRzYk5BN0s2VENVVCtRQ2FlRzRWcEh2ZVVxUDJSWmhpVmFZaVpjWHFZZXp5QjB0CjBuYXNiajRuLzhxMk1aTEhFR2Nta21UUmQ5a0NBd0VBQWFOQ01FQXdEZ1lEVlIwUEFRSC9CQVFEQWdJRU1BOEcKQTFVZEV3RUIvd1FGTUFNQkFmOHdIUVlEVlIwT0JCWUVGQWp3bXBpeUlhdHBlenNaekk3ZWsyRjZDdjNaTUEwRwpDU3FHU0liM0RRRUJDd1VBQTRJQmdRQWt2dno1ajYwSEgxS3oveHJTbEE3cksvQlVYaVBaRFVXMjR0UVpoNjh0CkNIUkg1T3pPbHlrRG5FREhjaGRtbXN2RDdWTVJHVjB3MTFlT3VjU29ON3oyRkhabDJhcU80SG4ydkpaYlBrRjMKNnMzRjZZZk9tU2lUUzBRZTNtYkZoZDU5cXpNUUltK1NaKzk2MUhGazVkZlF5dXFYNVpicUc2eWdDVGNtWHFycQp0YWN3YzNWUmNGUHNkUnErdzVIY0poM0Q4Tk0zN0F2T3BOVDg1Y2oyK0NkZCsvZnEzSnlMa2QzS3ptVy9ieEsrCjAweVYyN0NuMGtuZEZ3d0JDcnZRbDAxSUcxcEV5S0d3T2J6S2R6UzZ3Uk5mNHpFTm8rSjFZaDNjNmVZQVUrdi8KT3JqWkpWVXpwbGtHaUJzR3N4Z0N2TzlVcGEwdHZFYytWc3A4MlpEN2h0U1Q4VjM5ZE1wclh3T2lheWRnMGY3bApSck1zSFJTeVoyeGNoeFA3WDdKbW1mUlpXQ3JYTXNjdG9Dd1ZWMXBoeEZaSUNNVDh4YldYaFo2R1lWbW0xeW4yCmFrejBPdlA0Z0NEOFVwdDJUR3lLd0Fkems4WGFXZUVLTHVLdDZaVVA5SERtZ0hma2JGR20yMThsS2laYWRHRzQKVHRhNG5IcGtSSGp1djNSeE9qK1Z2NVU9Ci0tLS0tRU5EIENFUlRJRklDQVRFLS0tLS0K",
                "password": "",
                "username": ""
              }
            ],
            "master_authorized_networks_config": [],
            "master_version": "1.22.8-gke.202",
            "min_master_version": null,
            "monitoring_config": [
              {
                "enable_components": [
                  "SYSTEM_COMPONENTS"
                ]
              }
            ],
            "monitoring_service": "monitoring.googleapis.com/kubernetes",
            "name": "primary",
            "network": "projects/gcptraining-17042017/global/networks/main",
            "network_policy": [
              {
                "enabled": false,
                "provider": "PROVIDER_UNSPECIFIED"
              }
            ],
            "networking_mode": "VPC_NATIVE",
            "node_config": [],
            "node_locations": [
              "us-central1-b"
            ],
            "node_pool": [],
            "node_version": "1.22.8-gke.202",
            "operation": null,
            "pod_security_policy_config": [],
            "private_cluster_config": [
              {
                "enable_private_endpoint": false,
                "enable_private_nodes": true,
                "master_global_access_config": [
                  {
                    "enabled": false
                  }
                ],
                "master_ipv4_cidr_block": "172.16.0.0/28",
                "peering_name": "gke-n4cf5bab07b5ab68162b-372b-80f6-peer",
                "private_endpoint": "172.16.0.2",
                "public_endpoint": "104.154.72.12"
              }
            ],
            "private_ipv6_google_access": "",
            "project": "gcptraining-17042017",
            "release_channel": [
              {
                "channel": "REGULAR"
              }
            ],
            "remove_default_node_pool": true,
            "resource_labels": null,
            "resource_usage_export_config": [],
            "self_link": "https://container.googleapis.com/v1beta1/projects/gcptraining-17042017/zones/us-central1-a/clusters/primary",
            "services_ipv4_cidr": "10.52.0.0/20",
            "subnetwork": "projects/gcptraining-17042017/regions/us-central1/subnetworks/private1",
            "timeouts": null,
            "tpu_ipv4_cidr_block": "",
            "vertical_pod_autoscaling": [],
            "workload_identity_config": []
          },
          "sensitive_attributes": [],
          "private": "eyJlMmJmYjczMC1lY2FhLTExZTYtOGY4OC0zNDM2M2JjN2M0YzAiOnsiY3JlYXRlIjoyNDAwMDAwMDAwMDAwLCJkZWxldGUiOjI0MDAwMDAwMDAwMDAsInJlYWQiOjI0MDAwMDAwMDAwMDAsInVwZGF0ZSI6MzYwMDAwMDAwMDAwMH0sInNjaGVtYV92ZXJzaW9uIjoiMSJ9",
          "dependencies": [
            "google_compute_network.main",
            "google_compute_subnetwork.private"
          ]
        }
      ]
    },
    {
      "mode": "managed",
      "type": "google_project_service",
      "name": "compute",
      "provider": "provider[\"registry.terraform.io/hashicorp/google\"]",
      "instances": [
        {
          "schema_version": 0,
          "attributes": {
            "disable_dependent_services": null,
            "disable_on_destroy": true,
            "id": "gcptraining-17042017/compute.googleapis.com",
            "project": "gcptraining-17042017",
            "service": "compute.googleapis.com",
            "timeouts": null
          },
          "sensitive_attributes": [],
          "private": "eyJlMmJmYjczMC1lY2FhLTExZTYtOGY4OC0zNDM2M2JjN2M0YzAiOnsiY3JlYXRlIjoxMjAwMDAwMDAwMDAwLCJkZWxldGUiOjEyMDAwMDAwMDAwMDAsInJlYWQiOjYwMDAwMDAwMDAwMCwidXBkYXRlIjoxMjAwMDAwMDAwMDAwfX0="
        }
      ]
    },
    {
      "mode": "managed",
      "type": "google_project_service",
      "name": "container",
      "provider": "provider[\"registry.terraform.io/hashicorp/google\"]",
      "instances": [
        {
          "schema_version": 0,
          "attributes": {
            "disable_dependent_services": null,
            "disable_on_destroy": true,
            "id": "gcptraining-17042017/container.googleapis.com",
            "project": "gcptraining-17042017",
            "service": "container.googleapis.com",
            "timeouts": null
          },
          "sensitive_attributes": [],
          "private": "eyJlMmJmYjczMC1lY2FhLTExZTYtOGY4OC0zNDM2M2JjN2M0YzAiOnsiY3JlYXRlIjoxMjAwMDAwMDAwMDAwLCJkZWxldGUiOjEyMDAwMDAwMDAwMDAsInJlYWQiOjYwMDAwMDAwMDAwMCwidXBkYXRlIjoxMjAwMDAwMDAwMDAwfX0="
        }
      ]
    },
    {
      "module": "module.createVM",
      "mode": "managed",
      "type": "google_project_service",
      "name": "compute",
      "provider": "provider[\"registry.terraform.io/hashicorp/google\"]",
      "instances": [
        {
          "schema_version": 0,
          "attributes": {
            "disable_dependent_services": null,
            "disable_on_destroy": true,
            "id": "gcptraining-17042017/compute.googleapis.com",
            "project": "gcptraining-17042017",
            "service": "compute.googleapis.com",
            "timeouts": null
          },
          "sensitive_attributes": [],
          "private": "eyJlMmJmYjczMC1lY2FhLTExZTYtOGY4OC0zNDM2M2JjN2M0YzAiOnsiY3JlYXRlIjoxMjAwMDAwMDAwMDAwLCJkZWxldGUiOjEyMDAwMDAwMDAwMDAsInJlYWQiOjYwMDAwMDAwMDAwMCwidXBkYXRlIjoxMjAwMDAwMDAwMDAwfX0="
        }
      ]
    },
    {
      "module": "module.createVM",
      "mode": "managed",
      "type": "google_project_service",
      "name": "container",
      "provider": "provider[\"registry.terraform.io/hashicorp/google\"]",
      "instances": [
        {
          "schema_version": 0,
          "attributes": {
            "disable_dependent_services": null,
            "disable_on_destroy": true,
            "id": "gcptraining-17042017/container.googleapis.com",
            "project": "gcptraining-17042017",
            "service": "container.googleapis.com",
            "timeouts": null
          },
          "sensitive_attributes": [],
          "private": "eyJlMmJmYjczMC1lY2FhLTExZTYtOGY4OC0zNDM2M2JjN2M0YzAiOnsiY3JlYXRlIjoxMjAwMDAwMDAwMDAwLCJkZWxldGUiOjEyMDAwMDAwMDAwMDAsInJlYWQiOjYwMDAwMDAwMDAwMCwidXBkYXRlIjoxMjAwMDAwMDAwMDAwfX0="
        }
      ]
    }
  ]
}
